{
  "entries": {
    "mcp-tasks-tools": {
      "irHash": "sha256:14b922e2f4477fd6bcafe5a3619a5136c004a5a2f93d523fde653eb45e02d716",
      "surfaces": {
        "cli/README.md": "sha256:6ad85316aa9f97825c4090e5f3703944dea686552572dc1bcf0bc1d2ed1ab49a",
        "cli/USAGE.md": "sha256:6f025ce8ff70437ffd7012003c4304585937c707fb29b4d71a42c28814045f23",
        "cli/cli.mjs": "sha256:673bbaca6115824e97d82089c96f9d607596ba79defca98a48e43203b92562de",
        "cli/cn.manifest.json": "sha256:66075716f1b0a619d9d42fcd3a3a08167502c143ea9e85965a5fb00d239289e2",
        "cli/package.json": "sha256:aea6eb611d7cf3273d5c759dfa89f746c6f6bc0a3a5f2d6d656bc8ec85dab5fe",
        "docs/cn.manifest.json": "sha256:f021d3c09f6bf7b66f432c98b6093fe54c861ce3d90ea7cbcb6d6b0e9eb2d2ae",
        "docs/create-comment.mdx": "sha256:e0a5c0b376ca8f4b871a3d1b02581ff717e081ab7b409495c1c23dd35c94d9ef",
        "docs/create-project.mdx": "sha256:3c900986773a45d9f8ca46e36991a315dc71476c7cf056d76d4ecfafefaec279",
        "docs/create-tag.mdx": "sha256:eba2e18c7a6b42446b76cf98a27dfe2556e2b4bb74c75a9abc12e2109855a450",
        "docs/create-task.mdx": "sha256:dec80c19dfc19b5362206e7d197c24f7beb6ca4f1ff95f4a21b06ceb2c8d30f9",
        "docs/delete-comment.mdx": "sha256:362aac13684bd1736262388e14e3429a957f445051ef690c182e31fc9bfc4b20",
        "docs/delete-project.mdx": "sha256:a9a225abad929e512ae792901107df13364e9eed127458f314dcd605b09f5f35",
        "docs/delete-tag.mdx": "sha256:b412f79086128fd1e223b7fcb8e894b7387f0b99b96425503bc9edf597eec86f",
        "docs/delete-task.mdx": "sha256:711add21e60659a1060638c7c5e4002bbd9d2c3cd61d779c826f53df93798366",
        "docs/get-comment.mdx": "sha256:526ff54be86e2c69d56cb4efd3b71f37659af6b6c66d0d2c8dd3ef24772f8e32",
        "docs/get-project.mdx": "sha256:2cfa72ecff8569da15ab3224becc45f92f0189ec66bffe20649f997ac1487589",
        "docs/get-task.mdx": "sha256:97c4dc2c7dec8ac7841831a0031e684e9aa4327b58692786e11de4c91da34e20",
        "docs/get-user.mdx": "sha256:73c3f8ffd20ffc9c87d9c588df7ce12db1739d51d2147d00d7a1ef06d5df6eb2",
        "docs/index.mdx": "sha256:527d6ecc71a5b6bcc47e786052f69edc93124b30f0dad3e583ef8c28f6ae9a2d",
        "docs/list-comments.mdx": "sha256:df44df51c713abba961caed2030e255d4675474430ddb7b2ef0671cef4007281",
        "docs/list-projects.mdx": "sha256:1d7b90f5340b6bc84418816c4ce0b8e02bcdae8163e214c18bdf7faa8366d8af",
        "docs/list-tags.mdx": "sha256:e666302353630028e21c572dfdb3b80968499b4a67b8f114b994b794a40f3ddd",
        "docs/list-tasks.mdx": "sha256:77aab88e84b11f0782bd15e4031edc89c5e94120fa85d58c8d19ee10c3b8f98a",
        "docs/list-users.mdx": "sha256:2ce2d786dc933ce5b64fbfdcb727808e6654f91a008becbd85e6f35d205a0e98",
        "docs/update-project.mdx": "sha256:4c457fcc7eb3e7a22843b8bfdba0fcf0000b3805b677390651dcb0c5acd26628",
        "docs/update-task.mdx": "sha256:75c1f8aa845ab71fa2dfe7228028ba4ef22275ddb21b567c9f20d3d9a521eb2e",
        "mcp/Dockerfile": "sha256:8535b6ccd75426bcede81245fd050e24a6f2a4d139f3808cc87ac270f0995f3e",
        "mcp/README.md": "sha256:eb42db39807cef9d3188289225d4988430ed5f3af41e4cfb08e853f2edf247fd",
        "mcp/cn.manifest.json": "sha256:1483081ca683454521c722444239c5451b36d62109d3405ec20c1624f0644fdb",
        "mcp/http-server.mjs": "sha256:04b55db0726632f091fcce31cd1d836ea0ee558cf2fd8e33c910014366d93bb5",
        "mcp/package.json": "sha256:9932de0194c456598ffc41ecf2bfb9dd368e98181b2bcf37aa019a2e64914e36",
        "mcp/server.mjs": "sha256:fdcd5a2a04db7ff4925c0d9e147c8c078f1f9af845011cc343e0d92c04206b8b",
        "mcp/tools.json": "sha256:b434dbc7790dd0ca137121902026fa42ff547884a080942eb835958d58308ba3",
        "sdk/python/README.md": "sha256:b812150188c1b2c22c3543eff63e75d802315d60f301656cb6e62e3f9a4cffa6",
        "sdk/python/cn.manifest.json": "sha256:f536cd3718f2c56e31622995bc647f8c61a359318896796692541a99a3f97cf4",
        "sdk/python/pyproject.toml": "sha256:2b226d8e9b243e46faa72824f5e8b1296c8368afec625d4882fc8f2baebb5f6f",
        "sdk/python/tasks_mcp_sdk/__init__.py": "sha256:d68d942951b32ceabe6feea6991b4d7bb5fe2a7e3972836d7de714c79050aa44",
        "sdk/python/tasks_mcp_sdk/_http.py": "sha256:fba59fa681e22cde7fda27f97bf68d1f54aafa668665e12dedefce88d2c4a604",
        "sdk/python/tasks_mcp_sdk/client.py": "sha256:2b91c4c41c464c9a51168eb6cfacc10744845f56a5c304dccc7d907f84b62c40",
        "sdk/python/tasks_mcp_sdk/models.py": "sha256:a0a23baf91cb9856ef1176fe36f5875505b01cf594366fa6f08fcf115597104e",
        "sdk/typescript/README.md": "sha256:84e9e763be2aa6cc64528878730ea416dd19a5ea0e5c32d0b7969b6ecce2f52c",
        "sdk/typescript/cn.manifest.json": "sha256:2022a7fd3a412477c1dfc32df49b9ad00ac314cee6a55f8bd44539dd266f6392",
        "sdk/typescript/package.json": "sha256:8e5128f79f80283aa7ccdc9157f933c69ca283d5636a459fa0ab39793c88a72f",
        "sdk/typescript/src/client.ts": "sha256:d30dfe7a7dd32d643fcfd5030fe121791458aeac01320e9f3d0a63deb4112e51",
        "sdk/typescript/src/core/http.ts": "sha256:e11dbddfc85231e3fc4e62b38448f1a212d4212fe2b10fb6746c38a26d4f8f4a",
        "sdk/typescript/src/index.ts": "sha256:91a1580139ae841c9cad73a29a19b994487d67c07a046c1aa1bf0315d83885e9",
        "sdk/typescript/src/models.ts": "sha256:90b8d6f8f9dad409fd96b95c0523fe25fd0da0bdbaad6362909bb1d6b94da763",
        "sdk/typescript/src/resources/create-comment.ts": "sha256:6d6a7a94ad9c937dfbea106b3ae32e7c055ddc76494354bee9586f314b6ff93a",
        "sdk/typescript/src/resources/create-project.ts": "sha256:af9f71556de909c0482794e75fd62bed4d643caea1e728a42f5c03893f1304a6",
        "sdk/typescript/src/resources/create-tag.ts": "sha256:1f59b0437fee6cb347af87da9aedc7e5c44a65fc4e74a888ad20df18f0579590",
        "sdk/typescript/src/resources/create-task.ts": "sha256:6f1b929e5bcf71f91dfcfee7a766beb077c78055aa3586e349463498540ed7ee",
        "sdk/typescript/src/resources/delete-comment.ts": "sha256:298015066357e1a1c0a94d50ac6022d595ebeea7f30f04efd329625b34cf4b78",
        "sdk/typescript/src/resources/delete-project.ts": "sha256:c9dd8414af0e9e5989938fa6d523489708073ad79b2725db505daa0046dbfc42",
        "sdk/typescript/src/resources/delete-tag.ts": "sha256:a3370807ea99a4552d06e6d73f0e58716e0b8d43d9dc4735f34e380cea88afa4",
        "sdk/typescript/src/resources/delete-task.ts": "sha256:362cd181b3b1dbadc43a79f6a115812b6accfa57fc95375d158beb31db342b26",
        "sdk/typescript/src/resources/get-comment.ts": "sha256:893b743de18f1d4bbcd30e214e88f30c051db52b491defb8251a80be0bad818c",
        "sdk/typescript/src/resources/get-project.ts": "sha256:fd886222b28e9fb0b0660f00f14a5179bac238e9c53e0f4309a8fba463571604",
        "sdk/typescript/src/resources/get-task.ts": "sha256:75334be2227b0dd4434b969bb2750f5947c66be45c2a42f257cee4c235a0cbc2",
        "sdk/typescript/src/resources/get-user.ts": "sha256:ed2f534776c400a1b3964baf0642c04c4a77fce0c9f79cdfc68b7fa4f0bd4089",
        "sdk/typescript/src/resources/list-comments.ts": "sha256:2e482fc0dda045052e13402bd040d40cdb55ae797b005c5bb8e9cdb966079e37",
        "sdk/typescript/src/resources/list-projects.ts": "sha256:1d90ced290faa7e87c364d94ebd3ea174bc154d020d7bba2d3ed06ac7291ca48",
        "sdk/typescript/src/resources/list-tags.ts": "sha256:896811330ad82114816fc35c36271ddfbb307ee2406c95d13d52481d947ee6ca",
        "sdk/typescript/src/resources/list-tasks.ts": "sha256:167399ac1afe3d611c6348014e746f50247e64393bd156494e5a2b05d287d8f8",
        "sdk/typescript/src/resources/list-users.ts": "sha256:75582f9dde30190a1dc33b767396bf3543dce9d09fa986d99068515359d0d4a7",
        "sdk/typescript/src/resources/update-project.ts": "sha256:2ac08f79bf29c6de32885403d5d2194f3c88a159a99cff2c015462d48fcb300a",
        "sdk/typescript/src/resources/update-task.ts": "sha256:71cd93e57aba2fdedd23669f2e147ae40ab68b81ca636b34eb4e0f2a3d000923",
        "sdk/typescript/tsconfig.json": "sha256:99912ba0dca2041d486df21aa2d8c903fe7cb1165b33cb33756f8eb93269cc41"
      }
    },
    "openapi-tasks-api": {
      "irHash": "sha256:28794483c9ea84f3ae3cc0bf69c93ecb2fd20ce7aff4014fbbf73cd62403a95e",
      "surfaces": {
        "cli/README.md": "sha256:aed75287e4b4c39cae43a29ae06314d797d15455e359ed1473aa3d5161186d44",
        "cli/USAGE.md": "sha256:021a6980028cdd1a0626101d4f213f62ce547b4f711b010e7aaab3ac44ee683b",
        "cli/cli.mjs": "sha256:81d7e980de2bb570c91c45d417ba930f64cd95d03135e2724457275775151b2c",
        "cli/cn.manifest.json": "sha256:34c6e4feff37d207576d8f75403f6f2c72080f66d02bdf4809071a05073ec88b",
        "cli/package.json": "sha256:aa4a8099311acc6196aaf02320452b97d56d9f8c1cbeb3a8f21889928743e292",
        "docs/cn.manifest.json": "sha256:b6043bee014b8726f98c08796f5b14f24787fc633eeba5286bb70d94dd1edf0f",
        "docs/comments.mdx": "sha256:849a38ce52539437cc65d87159958898c9f24f34fb8e6c0465823c24255c15a9",
        "docs/index.mdx": "sha256:ac6aae629fecf483909fcfbdd373eefd74ac6bfd6481cf4eedcea4f8e18df1f4",
        "docs/projects.mdx": "sha256:28f9139783ba3cc1a047a23c9e34af04216a8c90e45e98f3fc942dcaa26d2d81",
        "docs/tags.mdx": "sha256:e4fabfebdb3e599720e7268b86f7857fd1c80f924cb0277feac409d2b69fbfb5",
        "docs/tasks.mdx": "sha256:e28e4319e3997fe08d43c8ff06f8d4fd03e7bd8c2deb082a5fcceb6f4006fb02",
        "docs/users.mdx": "sha256:e843f8b82d29a8550b0e3ff41a0108f6a66e34cfe45e35db795ea2e2f10acf1c",
        "mcp/Dockerfile": "sha256:8535b6ccd75426bcede81245fd050e24a6f2a4d139f3808cc87ac270f0995f3e",
        "mcp/README.md": "sha256:ecaf1b95025beb8da8c541d1bff2bf98b74c1989a7250c7fd1f5c46070b0b139",
        "mcp/cn.manifest.json": "sha256:2b52bf6c34d842dd66da469242d5939ab9b29f143e4c93838d58b1ef2644b8ed",
        "mcp/http-server.mjs": "sha256:b3d2d364e6fa0e47072d691cac6f3618897daa829c02d4179a07cebedc300e72",
        "mcp/package.json": "sha256:3be6a22d897c8e2e062c917270d521981875a990a0cfd36e72d0e54a8fe305bc",
        "mcp/server.mjs": "sha256:d112d72417d6b851aba9acff2a3e909a02d3fd0f1631d6e08e9c803d69d250e9",
        "mcp/tools.json": "sha256:f91dc4f7334780e494d597e95efb85ca740b6bdf1581250d0dde793a9964fd89",
        "sdk/python/README.md": "sha256:fe1dc295d12e7d3318768c8093bdf7cf8a8cc8698b328ac847ea3fe0a603034a",
        "sdk/python/cn.manifest.json": "sha256:af7f517d05a90780843447004b2f6249c44ea5e85f9f1a9eaece7a1b9a251543",
        "sdk/python/pyproject.toml": "sha256:8270c56f8f61482c4435d0dc16ba215f3b244f4bccbb970aac4e60c6040fe153",
        "sdk/python/tasks_api_sdk/__init__.py": "sha256:d68d942951b32ceabe6feea6991b4d7bb5fe2a7e3972836d7de714c79050aa44",
        "sdk/python/tasks_api_sdk/_http.py": "sha256:fba59fa681e22cde7fda27f97bf68d1f54aafa668665e12dedefce88d2c4a604",
        "sdk/python/tasks_api_sdk/client.py": "sha256:839bf4e268140fc42dd82b62496ee477fd4b150e7ade98d5c90829520d9340cb",
        "sdk/python/tasks_api_sdk/models.py": "sha256:3b60e4ef373030198024150616647d309496847573d8297bdc588c284e79d397",
        "sdk/typescript/README.md": "sha256:2090eef09421afe8128adff5c76b66a85e3c53f7d17a4f2ae817def64cdbdc12",
        "sdk/typescript/cn.manifest.json": "sha256:6b605e87677a058248bfb6b35d6782e4a0a53462cb0250ef6fb28347617989f5",
        "sdk/typescript/package.json": "sha256:1d6ff62e0dc6dbc7f5288dde4338903408a405cf10ba535322b3bb3656cacdd7",
        "sdk/typescript/src/client.ts": "sha256:0016fe8a72f0e9827bb00555cae7d4bcfbc3d4ba577135c6442ce23bca94b129",
        "sdk/typescript/src/core/http.ts": "sha256:e11dbddfc85231e3fc4e62b38448f1a212d4212fe2b10fb6746c38a26d4f8f4a",
        "sdk/typescript/src/index.ts": "sha256:91a1580139ae841c9cad73a29a19b994487d67c07a046c1aa1bf0315d83885e9",
        "sdk/typescript/src/models.ts": "sha256:c3b2c1822bc3c09022790d3015d4f63b92da9447f715570e825cb43067fc3800",
        "sdk/typescript/src/resources/comments.ts": "sha256:0293527c774d0e5b877aac05e035a3948287264cbba2fd4c95283d708714f43d",
        "sdk/typescript/src/resources/projects.ts": "sha256:8beb514c430dfaf24d7de8b7628c81acda0c356ebcd9d981e8c49dc948e98004",
        "sdk/typescript/src/resources/tags.ts": "sha256:cae8477ac68519c25cf4fbf2937ebdca386cd7eae69d2b5c55256865b4b68250",
        "sdk/typescript/src/resources/tasks.ts": "sha256:ab437bd6be368d1a45fa78c7be2478ca53e9fe079a84af7fadd114025ef4d85f",
        "sdk/typescript/src/resources/users.ts": "sha256:ad21a45d7d8748d3e1268f26cda92df320359b235ba2f5a1bc7f3b7082ab2137",
        "sdk/typescript/tsconfig.json": "sha256:99912ba0dca2041d486df21aa2d8c903fe7cb1165b33cb33756f8eb93269cc41"
      }
    },
    "sdk-python": {
      "irHash": "sha256:99d9e429e8ebfa6ad8afa71d632312999af1f671a052e13cc4a9a1911d5c9ed3",
      "surfaces": {
        "cli/README.md": "sha256:afc56618a1d0796b34aafb173f1cb1d96160f20f2e609cb1ccca0f121fea07c0",
        "cli/USAGE.md": "sha256:7e2055b59b61f7d7ed66eeadc1d9e70d370e42908c3ef9cb0b013359ebcc9fcb",
        "cli/cli.mjs": "sha256:8cc318a770795c135426af1de8e769857ec13d807b5c0ee4b21533c8f12a7965",
        "cli/cn.manifest.json": "sha256:430e1ef76953b7848cb7c7c822898183699164a388daf088af27ce19c03c0474",
        "cli/package.json": "sha256:c1ef4dd9a2de709240f3e8aeff7be3d396044fe47a29e838b5388530db9eed15",
        "docs/cn.manifest.json": "sha256:7b39e6e85554f835bfed85d33d43c26e64bc832efd066865df30a7e50bb0257e",
        "docs/create-comment.mdx": "sha256:4c93690ee2a720a204d5f7f0832a4177ed8948cf11c64b8824665a76a96f8a32",
        "docs/create-project.mdx": "sha256:811ace5ce11f7e7915321da6ce7d7d71c88b116f90b37ae22f9ec21cd07cea84",
        "docs/create-tag.mdx": "sha256:3d3429ebd62926177bfd93a6660ddcceab18826dbe46ae5d0c47d06d24a72ecb",
        "docs/create-task.mdx": "sha256:2884d02e4b9f7f3a89494160831b85ec31ad773925f5633a70354d1b9486b393",
        "docs/delete-comment.mdx": "sha256:eeef176dc0356994275fd5915b3a6649c9880be37d7e387ab07de18add863c07",
        "docs/delete-project.mdx": "sha256:b585b09fb5019733fe752b948ccbbedec433d57f0fce08f4f9be93a73cd8bd7f",
        "docs/delete-tag.mdx": "sha256:d7e85f58d35e0f1b3252ebfbb2f507b373c263ca0a8fbe26b4bd168fcc346ae4",
        "docs/delete-task.mdx": "sha256:6ddae48eb6b21299dfb74be5cb43883c64b00569b75999963b6b12e3a4b3c1de",
        "docs/get-comment.mdx": "sha256:4f32a3e0285369bb99e63e5ceb0a388fa19110e90fa8a470867f82a1e33940cd",
        "docs/get-project.mdx": "sha256:deb70c5b2fc0dcf04d7e8b3cef92f806dc2eee9479578c928183c68e658b124f",
        "docs/get-task.mdx": "sha256:567e2e307294e20b4640b1c1b0db2c43f95f3811822890abd66caa8c65beea7e",
        "docs/get-user.mdx": "sha256:a8f94318229ddce933f998ba0fa41c58bdc4f9df28768e0cbfe7694b063dfd2a",
        "docs/index.mdx": "sha256:cd58958b24547c657e689ee6eff785b036a371259de8319c107ed5a58bd641fe",
        "docs/list-comments.mdx": "sha256:7781cd72745d270fabb6573b3345b3271ea2f6f3b3741a6a2dc60ce884461e60",
        "docs/list-projects.mdx": "sha256:826e4b4d207712076c8ddaf1985fe10b8ea4d5d0d73fef3cbdadae0c939e293e",
        "docs/list-tags.mdx": "sha256:fd56586998a1dbf63131ef2d467ec903366c9e032e2d31754a674f2d6f857266",
        "docs/list-tasks.mdx": "sha256:f0f19f78edee04e050dd6cff640d8e974bc2302e2830233657f7fdb6127ff395",
        "docs/list-users.mdx": "sha256:1f323ee888aeeb8d9c02c78891a2866f9c17f42b1cabf44891775b3fd834944d",
        "docs/update-project.mdx": "sha256:63bf9a76c8e3cf19983ce77df7ac63cc92bd66cc88ca587c1cfc12f900f29cc3",
        "docs/update-task.mdx": "sha256:c6534c4f20e452dbd74a775ba2ac161ad31e2787060fd1af0a103ec9bfb92eb2",
        "mcp/Dockerfile": "sha256:8535b6ccd75426bcede81245fd050e24a6f2a4d139f3808cc87ac270f0995f3e",
        "mcp/README.md": "sha256:a98a0ad93faeeb283bb97ebee3f0e7161814c4e8f2ca918d0eaea4e7b9c106c4",
        "mcp/cn.manifest.json": "sha256:eac57ede8b1f066b93143404c678f505061b502d4e4605a69624e47845ebbb82",
        "mcp/http-server.mjs": "sha256:7537653225d84de1352a1cf59d3d31e31ba217c7fe8004210628781c3179284e",
        "mcp/package.json": "sha256:bbb8eb90a8a057d61066e74e83e0f961bcb13ace5f936c4bd8fe732c9f4f5763",
        "mcp/server.mjs": "sha256:b14bc6a90aa969b89b734bda5b6ad349dcdbcd8fed391fa55e87b7df4d3cad1a",
        "mcp/tools.json": "sha256:92e346b5ae40b17d9286f459fb40f7d7681d1e0f3f237b4a25e5b90a438c5683",
        "sdk/python/README.md": "sha256:eedc759d7fbd59df722879948cac8ed9218d3917fd0eac8a0da19b55b5d7b1de",
        "sdk/python/cn.manifest.json": "sha256:42b020b6806fddcc726b21453b1cdb80025be09342f6a24aeae18f87fadb617a",
        "sdk/python/pyproject.toml": "sha256:5a98481442d5c477f1ce19a59299db6c79746c220126d266f4e5f7b2c1e73665",
        "sdk/python/sdk_python_sdk/__init__.py": "sha256:d68d942951b32ceabe6feea6991b4d7bb5fe2a7e3972836d7de714c79050aa44",
        "sdk/python/sdk_python_sdk/_http.py": "sha256:fba59fa681e22cde7fda27f97bf68d1f54aafa668665e12dedefce88d2c4a604",
        "sdk/python/sdk_python_sdk/client.py": "sha256:31421042edb673f862893db5267fed37847037aace12e32996137988efc04891",
        "sdk/python/sdk_python_sdk/models.py": "sha256:a0a23baf91cb9856ef1176fe36f5875505b01cf594366fa6f08fcf115597104e",
        "sdk/typescript/README.md": "sha256:c9d6c67224df623c54888ea6a14bd2e01adab61c7e7cb5bfa22446d636906f29",
        "sdk/typescript/cn.manifest.json": "sha256:f29eb9c106a60bff9249a78119fb364d9a1302bb97f80b76ba9b6a245f645a29",
        "sdk/typescript/package.json": "sha256:8337c1481549da3a417ce52b63abc8cdb40afcfeddc3dcfa628f39589f702554",
        "sdk/typescript/src/client.ts": "sha256:b18b69c7dc4a9ddb10ffa8c71f5cf7c4f7d924f32926ed059174038bb19ed2e8",
        "sdk/typescript/src/core/http.ts": "sha256:e11dbddfc85231e3fc4e62b38448f1a212d4212fe2b10fb6746c38a26d4f8f4a",
        "sdk/typescript/src/index.ts": "sha256:91a1580139ae841c9cad73a29a19b994487d67c07a046c1aa1bf0315d83885e9",
        "sdk/typescript/src/models.ts": "sha256:27d1a6eea1cc350cc7dc02aa9ee7a2788bd6cf64d0c9a9712798298702f6adcf",
        "sdk/typescript/src/resources/create-comment.ts": "sha256:cb50147f849b0a45d963b2e7b1a9788c804e99f9323d70d3838a70e080aeac7d",
        "sdk/typescript/src/resources/create-project.ts": "sha256:55965cca5b0a9fbef4382bd4561d40e076c6606589c15eb45c224b331fe520cf",
        "sdk/typescript/src/resources/create-tag.ts": "sha256:de0d326615ec5ec244b2fcc991754e7f3c1c4e24ae91d9305385612764c22cc1",
        "sdk/typescript/src/resources/create-task.ts": "sha256:2651e666acf1ebcc6897ab457b43a8b4b958ef84103ea23c65d121c1248a071d",
        "sdk/typescript/src/resources/delete-comment.ts": "sha256:12f02a59a85f0d6b84a79b056cf19041e3a138e04070696b46494daf2ff6a0ee",
        "sdk/typescript/src/resources/delete-project.ts": "sha256:4dec993e994097c55e1a9f5cc503ca3b5346fb2233401612da551363658f0f4f",
        "sdk/typescript/src/resources/delete-tag.ts": "sha256:d2a0ce8bcac90e013ba79bd322dd0f906310f9c2933f84ce695ee5cce04dab4c",
        "sdk/typescript/src/resources/delete-task.ts": "sha256:efd5939c8afa6a60106f6e45d6c7d32bb65c70176885d6d121928b05b41efa45",
        "sdk/typescript/src/resources/get-comment.ts": "sha256:18e3a79f89e7679704c9174758afd8c273c8de1449eab2c861f35853a639b64e",
        "sdk/typescript/src/resources/get-project.ts": "sha256:5bc06374a9a5bd6374e9d5cb2de63638c4bbe322ea4e2dd35e241f23c8262064",
        "sdk/typescript/src/resources/get-task.ts": "sha256:e57b5fb8e4eae5deb6383a4c9f73487c2f55d45f9d93cd7f466d6d7220f8cabc",
        "sdk/typescript/src/resources/get-user.ts": "sha256:9c350612b14eeeff3b98df0d22efd014ee6087f8b643e17f1fe016424faa3a79",
        "sdk/typescript/src/resources/list-comments.ts": "sha256:509831cdacaff29b0fb8dc6aee2dbacc56a66655784edfd3e72b2ea525336d33",
        "sdk/typescript/src/resources/list-projects.ts": "sha256:5eb290ee0bd68713ce18d91dafd056cc29c97bde3b430de8a0ea6324beafe5d0",
        "sdk/typescript/src/resources/list-tags.ts": "sha256:457696719cec38c02e11e06b87e84bc12b92cc152a40a00b8439f15b9089184e",
        "sdk/typescript/src/resources/list-tasks.ts": "sha256:a598feadd9e6ec729401b067d78ec84c862cd5252c5b2cd734a3daa051a5adf4",
        "sdk/typescript/src/resources/list-users.ts": "sha256:762e3488c45298a556cf87882ca890fcc7542ca8187ecf2b33f6ff6c46e09452",
        "sdk/typescript/src/resources/update-project.ts": "sha256:1ee713ddb91bb7dba584cea9e55b57a1db1db8dd0acc48df134d32b6ecf1ae4f",
        "sdk/typescript/src/resources/update-task.ts": "sha256:db2797b166589cf5d6926af89e1b5c7fcc8d99fc0934c7297f4ef9b0c20e5f83",
        "sdk/typescript/tsconfig.json": "sha256:99912ba0dca2041d486df21aa2d8c903fe7cb1165b33cb33756f8eb93269cc41"
      }
    },
    "sdk-typescript": {
      "irHash": "sha256:614781b838f78cbf5a8a7fc1898582e9cbcaaefc4e82572c5182a22491c53daf",
      "surfaces": {
        "cli/README.md": "sha256:aa9d6460d3ab9ea98105418954db7aa076c2151008d3b42bd96f2ed6d2a3552e",
        "cli/USAGE.md": "sha256:a70a279eb98382984892f8179e0771954bfa791ae6ebb2441504331262a89ff5",
        "cli/cli.mjs": "sha256:1dffa2f3d13b1660ca7de1baae235d9c44d1c1b794807e6ae55191de7fb8329c",
        "cli/cn.manifest.json": "sha256:bc9b37e70fef97e33f1942c53377785a85854a375dd2e54a89aab4d8b2494c88",
        "cli/package.json": "sha256:df00e06012fc37bc4a8cabf2346ca494f9f8b6ca358a99f1abfa81579a75b275",
        "docs/cn.manifest.json": "sha256:cec3ee9c661eb2fca2ff29708a9e1f92f341aa4094af5db486887ae6b1e8922d",
        "docs/comments-create.mdx": "sha256:65de3860ef897a92412d6450fd3b4d14f5c5f2a09a28569ed93f1153eef4989d",
        "docs/comments-get.mdx": "sha256:b6142860672531404b3d7a9d09d2f6e206232c60fcffc995eb8fbbc28d9b2b3f",
        "docs/comments-list.mdx": "sha256:1ad0e79ebdae1398dca56e38d1cc51ae436e53a9aac774709ee253dda5128a86",
        "docs/comments-remove.mdx": "sha256:c1c361d6704f1e4ea24fb6a845817c9cf061d1987f6b97e69196fd2e2d029342",
        "docs/index.mdx": "sha256:495e9d7e82984d27ab33ac17c2a6223759f2fbfcd8e538f770aa1ecc57cf52d5",
        "docs/projects-create.mdx": "sha256:c9395f797f8c62723460d75bfe40b79315f696e107e2d88ffc113bf95be1c020",
        "docs/projects-get.mdx": "sha256:2a69172059b30abace21bc63c59f937dc0a23054005e0b56f2e172f731669383",
        "docs/projects-list.mdx": "sha256:f6ddf12c3b95a0b8a830da27e11b0e1190d84bcecebb0d7fe89045073279ae7d",
        "docs/projects-remove.mdx": "sha256:5bb3a45131b63f940953a42b28ba5553cf4e713c594cc71d176b4c3b5784d2af",
        "docs/projects-update.mdx": "sha256:813b1e0a13ade937333a52c04fcd91b9be7edf2ab9fb7c66af074feddbae05a2",
        "docs/tags-create.mdx": "sha256:6d37565c3ae0aa54af7ad11f52168c585637f131ee6bd0154fd5d745c8aaa767",
        "docs/tags-list.mdx": "sha256:61325d17a7e81d64bb073e200909e6aa1830d338099e2d4bf6f2bb04d1add7fa",
        "docs/tags-remove.mdx": "sha256:14add6627dc8b16438da77893a582e2f2d2ede7f68246cb66f74e0ba4ca69a5f",
        "docs/tasks-create.mdx": "sha256:8a7668048b18e14b3ae06bb66fa0185ca837abac2de774b979b835bf97e42a2b",
        "docs/tasks-get.mdx": "sha256:e87a940d958807e2184bfc45b0334aa65d8d0b7f1263755f11e60ac4459f576b",
        "docs/tasks-list.mdx": "sha256:a5712d41f42212150d5ead050100b6e3976549848e460ba67b9feaba7587b864",
        "docs/tasks-remove.mdx": "sha256:6df8880794de4456c2e853290cbb5dc6d9fd51e0028a4f599c635e0af8ecf46a",
        "docs/tasks-update.mdx": "sha256:165f3a2f79cf4fb8f1080c3d4fda5ad0f3b0129bb3ca044fb1b68af1477702c7",
        "docs/users-get.mdx": "sha256:c8e87a169cf1d20f88ddc628de4b25f254fc21d10d08a2b21d88db86ca3f07a3",
        "docs/users-list.mdx": "sha256:09bd910a4651413e1a7c201cad61b30f18b2c1ac7f5ba7dd321da558676e95b1",
        "mcp/Dockerfile": "sha256:8535b6ccd75426bcede81245fd050e24a6f2a4d139f3808cc87ac270f0995f3e",
        "mcp/README.md": "sha256:7505430e9e3d9951b630c60062ffae3eb3fc28ec58c253f13674760b93031cc1",
        "mcp/cn.manifest.json": "sha256:01767bdeae65b194e44d02209708746e8a1fcb53ef8215b2f3e5e8eeda128e87",
        "mcp/http-server.mjs": "sha256:f1441fbabda42f7899b1183cc53cf42eb3b78276def624359108bf15f57fa710",
        "mcp/package.json": "sha256:f1be8cb66e70cb0d13fcb62ba0e62fc3517a4099a99d8faca645542f1eb48d0d",
        "mcp/server.mjs": "sha256:852658f9fb6fcc2f8de31139ba7accfffd4386592f276640b3ec050ccca15a26",
        "mcp/tools.json": "sha256:48eb859e41ab79bf6f19188ea7dd7dcfaa51a77ac73dbf5da5e73181aea39cf1",
        "sdk/python/README.md": "sha256:1658ce841afbebde31ffa5cdd5957889636c898e8c23765b44c95d5915bb81e7",
        "sdk/python/cn.manifest.json": "sha256:152320c09ed5b9492f777acd17a056d6c4d32d0b15b3f16bf78f137cb941cc57",
        "sdk/python/pyproject.toml": "sha256:f74fae8a93d5ff4b7b00bfd0d45a0b85b6196daba5b91bb29e50fd4774cf8f6a",
        "sdk/python/sdk_typescript_sdk/__init__.py": "sha256:d68d942951b32ceabe6feea6991b4d7bb5fe2a7e3972836d7de714c79050aa44",
        "sdk/python/sdk_typescript_sdk/_http.py": "sha256:fba59fa681e22cde7fda27f97bf68d1f54aafa668665e12dedefce88d2c4a604",
        "sdk/python/sdk_typescript_sdk/client.py": "sha256:a1f2e1a7009722ca0a413522580dffea061eaa910e85e210ee291c7f73452893",
        "sdk/python/sdk_typescript_sdk/models.py": "sha256:a0a23baf91cb9856ef1176fe36f5875505b01cf594366fa6f08fcf115597104e",
        "sdk/typescript/README.md": "sha256:5c1e67ffa193b7b3f14fd11102eb4569e8498df7e4a613c100d1f3a1efcf1206",
        "sdk/typescript/cn.manifest.json": "sha256:c53e9f7168237adc0b542704875d7a959ff4a79b5349a5a7b2c026811972530a",
        "sdk/typescript/package.json": "sha256:0e4076953688cc487cb37bfa9394fafc06108c0371f38072dc23e92dae114507",
        "sdk/typescript/src/client.ts": "sha256:dfeee7e250b73d71e163148a9d9c21befec73d624c98c345b1d0def422eb6078",
        "sdk/typescript/src/core/http.ts": "sha256:e11dbddfc85231e3fc4e62b38448f1a212d4212fe2b10fb6746c38a26d4f8f4a",
        "sdk/typescript/src/index.ts": "sha256:91a1580139ae841c9cad73a29a19b994487d67c07a046c1aa1bf0315d83885e9",
        "sdk/typescript/src/models.ts": "sha256:b88a7632551f7de7f04ed9aecfb72b1baeab0b5f5dd4f83e2060c474e89d0e93",
        "sdk/typescript/src/resources/comments-create.ts": "sha256:71e58c323a7b3d3803ce367e6a51d1e083ddba52d397ecf595bad31b023d3659",
        "sdk/typescript/src/resources/comments-get.ts": "sha256:3d683d245e653328942bb8aae945c55c840e1a5e0655677fb0d021cfbbaf61d8",
        "sdk/typescript/src/resources/comments-list.ts": "sha256:1fe8929fa03ecf433790baac7d6f0f7eb12ac49f955af498a5de963d3fb56205",
        "sdk/typescript/src/resources/comments-remove.ts": "sha256:1190d3e15e2c2bc1dc23ab739006100cdf693fa38efab0c5e1558cf443097cbe",
        "sdk/typescript/src/resources/projects-create.ts": "sha256:3dd845dd0c7f7d64fa5e7080e0d32da169a2e70e1d8a5b17b062d4abdae9b1e3",
        "sdk/typescript/src/resources/projects-get.ts": "sha256:d93ba1c5b78fe7fba0aa57e1577f2303f2378b8f479f2fb5d7975c7fb979e50f",
        "sdk/typescript/src/resources/projects-list.ts": "sha256:0ff69c6e94c81f10459bcc405a68f2c50c0de418b8570352b1fa7347527ccf25",
        "sdk/typescript/src/resources/projects-remove.ts": "sha256:d3dfee4ae901650af7ed6bb663ffaffe46e919f987b56ff8b7c71f388f2c2ed9",
        "sdk/typescript/src/resources/projects-update.ts": "sha256:9a1d7d57212ce34eefcad271f667833a395159cca11c04e83b6343d9f73c9d3f",
        "sdk/typescript/src/resources/tags-create.ts": "sha256:8d35d5dfcdb87efd3bc4046c370a785250a71b0f2ff957031571510f96a0bbe7",
        "sdk/typescript/src/resources/tags-list.ts": "sha256:11f94cd7e15c2c0953092fda5e0c3ed9c5fcbbf9b3db4807206a12ce427a9ebf",
        "sdk/typescript/src/resources/tags-remove.ts": "sha256:dbc0b1417acdcba1fec7f3e69e5252c6c1731f18b717a6d76f051719f79940e6",
        "sdk/typescript/src/resources/tasks-create.ts": "sha256:52482c84d3debf03d3685cb5646c917baa9fddddaab204870fc0b312e1a3729e",
        "sdk/typescript/src/resources/tasks-get.ts": "sha256:9ab65c9045d57cc872fda80f5acc7ea952482a3e0fd52c9bae0aa72dc6e69297",
        "sdk/typescript/src/resources/tasks-list.ts": "sha256:3815e90ed3ab50d847063e300c5a15bd6c38e6f4d6ff6a16e69163ec2cbefc1d",
        "sdk/typescript/src/resources/tasks-remove.ts": "sha256:323518623d154146bd8156f55820b07b11976e09bc43f79aa0546293635bc7f3",
        "sdk/typescript/src/resources/tasks-update.ts": "sha256:e330dd659a9da351ebc29f796d40af4291db3c30d8b602ba309da762957c7b64",
        "sdk/typescript/src/resources/users-get.ts": "sha256:29830ff9aa0fa7ea450dcb614c2843b5d63274e0b3acadd1e53bd38cd4fc9975",
        "sdk/typescript/src/resources/users-list.ts": "sha256:e59a22b4d4860a1e6c22e5b3085317a4bde8dedaa795ebb9909a052dfa030e3b",
        "sdk/typescript/tsconfig.json": "sha256:99912ba0dca2041d486df21aa2d8c903fe7cb1165b33cb33756f8eb93269cc41"
      }
    }
  },
  "generator": "cn-ir/1 + projection",
  "lockVersion": "cn-lock/1"
}
